// !$*UTF8*$!
{
	archiveVersion = 1;
	classes = {
	};
	objectVersion = 46;
	objects = {

/* Begin PBXBuildFile section */
		EEE417A51E66C543003D84A4 /* MemoryCell.swift in Sources */ = {isa = PBXBuildFile; fileRef = EEE417A41E66C543003D84A4 /* MemoryCell.swift */; };
		EEFD0A351E6416B400D20114 /* AppDelegate.swift in Sources */ = {isa = PBXBuildFile; fileRef = EEFD0A341E6416B400D20114 /* AppDelegate.swift */; };
		EEFD0A371E6416B400D20114 /* ViewController.swift in Sources */ = {isa = PBXBuildFile; fileRef = EEFD0A361E6416B400D20114 /* ViewController.swift */; };
		EEFD0A3A1E6416B400D20114 /* Main.storyboard in Resources */ = {isa = PBXBuildFile; fileRef = EEFD0A381E6416B400D20114 /* Main.storyboard */; };
		EEFD0A3C1E6416B400D20114 /* Assets.xcassets in Resources */ = {isa = PBXBuildFile; fileRef = EEFD0A3B1E6416B400D20114 /* Assets.xcassets */; };
		EEFD0A3F1E6416B400D20114 /* LaunchScreen.storyboard in Resources */ = {isa = PBXBuildFile; fileRef = EEFD0A3D1E6416B400D20114 /* LaunchScreen.storyboard */; };
		EEFD0A471E642A0A00D20114 /* CollectionViewController.swift in Sources */ = {isa = PBXBuildFile; fileRef = EEFD0A461E642A0A00D20114 /* CollectionViewController.swift */; };
/* End PBXBuildFile section */

/* Begin PBXFileReference section */
		EEE417A41E66C543003D84A4 /* MemoryCell.swift */ = {isa = PBXFileReference; fileEncoding = 4; lastKnownFileType = sourcecode.swift; name = MemoryCell.swift; path = ../MemoryCell.swift; sourceTree = "<group>"; };
		EEFD0A311E6416B400D20114 /* HappyDay.app */ = {isa = PBXFileReference; explicitFileType = wrapper.application; includeInIndex = 0; path = HappyDay.app; sourceTree = BUILT_PRODUCTS_DIR; };
		EEFD0A341E6416B400D20114 /* AppDelegate.swift */ = {isa = PBXFileReference; lastKnownFileType = sourcecode.swift; path = AppDelegate.swift; sourceTree = "<group>"; };
		EEFD0A361E6416B400D20114 /* ViewController.swift */ = {isa = PBXFileReference; lastKnownFileType = sourcecode.swift; path = ViewController.swift; sourceTree = "<group>"; };
		EEFD0A391E6416B400D20114 /* Base */ = {isa = PBXFileReference; lastKnownFileType = file.storyboard; name = Base; path = Base.lproj/Main.storyboard; sourceTree = "<group>"; };
		EEFD0A3B1E6416B400D20114 /* Assets.xcassets */ = {isa = PBXFileReference; lastKnownFileType = folder.assetcatalog; path = Assets.xcassets; sourceTree = "<group>"; };
		EEFD0A3E1E6416B400D20114 /* Base */ = {isa = PBXFileReference; lastKnownFileType = file.storyboard; name = Base; path = Base.lproj/LaunchScreen.storyboard; sourceTree = "<group>"; };
		EEFD0A401E6416B400D20114 /* Info.plist */ = {isa = PBXFileReference; lastKnownFileType = text.plist.xml; path = Info.plist; sourceTree = "<group>"; };
		EEFD0A461E642A0A00D20114 /* CollectionViewController.swift */ = {isa = PBXFileReference; fileEncoding = 4; lastKnownFileType = sourcecode.swift; path = CollectionViewController.swift; sourceTree = "<group>"; };
/* End PBXFileReference section */

/* Begin PBXFrameworksBuildPhase section */
		EEFD0A2E1E6416B400D20114 /* Frameworks */ = {
			isa = PBXFrameworksBuildPhase;
			buildActionMask = 2147483647;
			files = (
			);
			runOnlyForDeploymentPostprocessing = 0;
		};
/* End PBXFrameworksBuildPhase section */

/* Begin PBXGroup section */
		EEFD0A281E6416B400D20114 = {
			isa = PBXGroup;
			children = (
				EEFD0A331E6416B400D20114 /* HappyDay */,
				EEFD0A321E6416B400D20114 /* Products */,
			);
			sourceTree = "<group>";
		};
		EEFD0A321E6416B400D20114 /* Products */ = {
			isa = PBXGroup;
			children = (
				EEFD0A311E6416B400D20114 /* HappyDay.app */,
			);
			name = Products;
			sourceTree = "<group>";
		};
		EEFD0A331E6416B400D20114 /* HappyDay */ = {
			isa = PBXGroup;
			children = (
				EEFD0A341E6416B400D20114 /* AppDelegate.swift */,
				EEFD0A381E6416B400D20114 /* Main.storyboard */,
				EEFD0A361E6416B400D20114 /* ViewController.swift */,
				EEE417A41E66C543003D84A4 /* MemoryCell.swift */,
				EEFD0A461E642A0A00D20114 /* CollectionViewController.swift */,
				EEFD0A3B1E6416B400D20114 /* Assets.xcassets */,
				EEFD0A3D1E6416B400D20114 /* LaunchScreen.storyboard */,
				EEFD0A401E6416B400D20114 /* Info.plist */,
			);
			path = HappyDay;
			sourceTree = "<group>";
		};
/* End PBXGroup section */

/* Begin PBXNativeTarget section */
		EEFD0A301E6416B400D20114 /* HappyDay */ = {
			isa = PBXNativeTarget;
			buildConfigurationList = EEFD0A431E6416B400D20114 /* Build configuration list for PBXNativeTarget "HappyDay" */;
			buildPhases = (
				EEFD0A2D1E6416B400D20114 /* Sources */,
				EEFD0A2E1E6416B400D20114 /* Frameworks */,
				EEFD0A2F1E6416B400D20114 /* Resources */,
			);
			buildRules = (
			);
			dependencies = (
			);
			name = HappyDay;
			productName = HappyDay;
			productReference = EEFD0A311E6416B400D20114 /* HappyDay.app */;
			productType = "com.apple.product-type.application";
		};
/* End PBXNativeTarget section */

/* Begin PBXProject section */
		EEFD0A291E6416B400D20114 /* Project object */ = {
			isa = PBXProject;
			attributes = {
				LastSwiftUpdateCheck = 0810;
				LastUpgradeCheck = 0810;
				ORGANIZATIONNAME = kangkang;
				TargetAttributes = {
					EEFD0A301E6416B400D20114 = {
						CreatedOnToolsVersion = 8.1;
						DevelopmentTeam = 76JPX46Z4R;
						ProvisioningStyle = Automatic;
					};
				};
			};
			buildConfigurationList = EEFD0A2C1E6416B400D20114 /* Build configuration list for PBXProject "HappyDay" */;
			compatibilityVersion = "Xcode 3.2";
			developmentRegion = English;
			hasScannedForEncodings = 0;
			knownRegions = (
				en,
				Base,
			);
			mainGroup = EEFD0A281E6416B400D20114;
			productRefGroup = EEFD0A321E6416B400D20114 /* Products */;
			projectDirPath = "";
			projectRoot = "";
			targets = (
				EEFD0A301E6416B400D20114 /* HappyDay */,
			);
		};
/* End PBXProject section */

/* Begin PBXResourcesBuildPhase section */
		EEFD0A2F1E6416B400D20114 /* Resources */ = {
			isa = PBXResourcesBuildPhase;
			buildActionMask = 2147483647;
			files = (
				EEFD0A3F1E6416B400D20114 /* LaunchScreen.storyboard in Resources */,
				EEFD0A3C1E6416B400D20114 /* Assets.xcassets in Resources */,
				EEFD0A3A1E6416B400D20114 /* Main.storyboard in Resources */,
			);
			runOnlyForDeploymentPostprocessing = 0;
		};
/* End PBXResourcesBuildPhase section */

/* Begin PBXSourcesBuildPhase section */
		EEFD0A2D1E6416B400D20114 /* Sources */ = {
			isa = PBXSourcesBuildPhase;
			buildActionMask = 2147483647;
			files = (
				EEE417A51E66C543003D84A4 /* MemoryCell.swift in Sources */,
				EEFD0A471E642A0A00D20114 /* CollectionViewController.swift in Sources */,
				EEFD0A371E6416B400D20114 /* ViewController.swift in Sources */,
				EEFD0A351E6416B400D20114 /* AppDelegate.swift in Sources */,
			);
			runOnlyForDeploymentPostprocessing = 0;
		};
/* End PBXSourcesBuildPhase section */

/* Begin PBXVariantGroup section */
		EEFD0A381E6416B400D20114 /* Main.storyboard */ = {
			isa = PBXVariantGroup;
			children = (
				EEFD0A391E6416B400D20114 /* Base */,
			);
			name = Main.storyboard;
			sourceTree = "<group>";
		};
		EEFD0A3D1E6416B400D20114 /* LaunchScreen.storyboard */ = {
			isa = PBXVariantGroup;
			children = (
				EEFD0A3E1E6416B400D20114 /* Base */,
			);
			name = LaunchScreen.storyboard;
			sourceTree = "<group>";
		};
/* End PBXVariantGroup section */

/* Begin XCBuildConfiguration section */
		EEFD0A411E6416B400D20114 /* Debug */ = {
			isa = XCBuildConfiguration;
			buildSettings = {
				ALWAYS_SEARCH_USER_PATHS = NO;
				CLANG_ANALYZER_NONNULL = YES;
				CLANG_CXX_LANGUAGE_STANDARD = "gnu++0x";
				CLANG_CXX_LIBRARY = "libc++";
				CLANG_ENABLE_MODULES = YES;
				CLANG_ENABLE_OBJC_ARC = YES;
				CLANG_WARN_BOOL_CONVERSION = YES;
				CLANG_WARN_CONSTANT_CONVERSION = YES;
				CLANG_WARN_DIRECT_OBJC_ISA_USAGE = YES_ERROR;
				CLANG_WARN_DOCUMENTATION_COMMENTS = YES;
				CLANG_WARN_EMPTY_BODY = YES;
				CLANG_WARN_ENUM_CONVERSION = YES;
				CLANG_WARN_INFINITE_RECURSION = YES;
				CLANG_WARN_INT_CONVERSION = YES;
				CLANG_WARN_OBJC_ROOT_CLASS = YES_ERROR;
				CLANG_WARN_SUSPICIOUS_MOVES = YES;
				CLANG_WARN_UNREACHABLE_CODE = YES;
				CLANG_WARN__DUPLICATE_METHOD_MATCH = YES;
				"CODE_SIGN_IDENTITY[sdk=iphoneos*]" = "iPhone Developer";
				COPY_PHASE_STRIP = NO;
				DEBUG_INFORMATION_FORMAT = dwarf;
				ENABLE_STRICT_OBJC_MSGSEND = YES;
				ENABLE_TESTABILITY = YES;
				GCC_C_LANGUAGE_STANDARD = gnu99;
				GCC_DYNAMIC_NO_PIC = NO;
				GCC_NO_COMMON_BLOCKS = YES;
				GCC_OPTIMIZATION_LEVEL = 0;
				GCC_PREPROCESSOR_DEFINITIONS = (
					"DEBUG=1",
					"$(inherited)",
				);
				GCC_WARN_64_TO_32_BIT_CONVERSION = YES;
				GCC_WARN_ABOUT_RETURN_TYPE = YES_ERROR;
				GCC_WARN_UNDECLARED_SELECTOR = YES;
				GCC_WARN_UNINITIALIZED_AUTOS = YES_AGGRESSIVE;
				GCC_WARN_UNUSED_FUNCTION = YES;
				GCC_WARN_UNUSED_VARIABLE = YES;
				IPHONEOS_DEPLOYMENT_TARGET = 10.1;
				MTL_ENABLE_DEBUG_INFO = YES;
				ONLY_ACTIVE_ARCH = YES;
				SDKROOT = iphoneos;
				SWIFT_ACTIVE_COMPILATION_CONDITIONS = DEBUG;
				SWIFT_OPTIMIZATION_LEVEL = "-Onone";
			};
			name = Debug;
		};
		EEFD0A421E6416B400D20114 /* Release */ = {
			isa = XCBuildConfiguration;
			buildSettings = {
				ALWAYS_SEARCH_USER_PATHS = NO;
				CLANG_ANALYZER_NONNULL = YES;
				CLANG_CXX_LANGUAGE_STANDARD = "gnu++0x";
				CLANG_CXX_LIBRARY = "libc++";
				CLANG_ENABLE_MODULES = YES;
				CLANG_ENABLE_OBJC_ARC = YES;
				CLANG_WARN_BOOL_CONVERSION = YES;
				CLANG_WARN_CONSTANT_CONVERSION = YES;
				CLANG_WARN_DIRECT_OBJC_ISA_USAGE = YES_ERROR;
				CLANG_WARN_DOCUMENTATION_COMMENTS = YES;
				CLANG_WARN_EMPTY_BODY = YES;
				CLANG_WARN_ENUM_CONVERSION = YES;
				CLANG_WARN_INFINITE_RECURSION = YES;
				CLANG_WARN_INT_CONVERSION = YES;
				CLANG_WARN_OBJC_ROOT_CLASS = YES_ERROR;
				CLANG_WARN_SUSPICIOUS_MOVES = YES;
				CLANG_WARN_UNREACHABLE_CODE = YES;
				CLANG_WARN__DUPLICATE_METHOD_MATCH = YES;
				"CODE_SIGN_IDENTITY[sdk=iphoneos*]" = "iPhone Developer";
				COPY_PHASE_STRIP = NO;
				DEBUG_INFORMATION_FORMAT = "dwarf-with-dsym";
				ENABLE_NS_ASSERTIONS = NO;
				ENABLE_STRICT_OBJC_MSGSEND = YES;
				GCC_C_LANGUAGE_STANDARD = gnu99;
				GCC_NO_COMMON_BLOCKS = YES;
				GCC_WARN_64_TO_32_BIT_CONVERSION = YES;
				GCC_WARN_ABOUT_RETURN_TYPE = YES_ERROR;
				GCC_WARN_UNDECLARED_SELECTOR = YES;
				GCC_WARN_UNINITIALIZED_AUTOS = YES_AGGRESSIVE;
				GCC_WARN_UNUSED_FUNCTION = YES;
				GCC_WARN_UNUSED_VARIABLE = YES;
				IPHONEOS_DEPLOYMENT_TARGET = 10.1;
				MTL_ENABLE_DEBUG_INFO = NO;
				SDKROOT = iphoneos;
				SWIFT_OPTIMIZATION_LEVEL = "-Owholemodule";
				VALIDATE_PRODUCT = YES;
			};
			name = Release;
		};
		EEFD0A441E6416B400D20114 /* Debug */ = {
			isa = XCBuildConfiguration;
			buildSettings = {
				ASSETCATALOG_COMPILER_APPICON_NAME = AppIcon;
				DEVELOPMENT_TEAM = 76JPX46Z4R;
				INFOPLIST_FILE = HappyDay/Info.plist;
				LD_RUNPATH_SEARCH_PATHS = "$(inherited) @executable_path/Frameworks";
				PRODUCT_BUNDLE_IDENTIFIER = com.shennongshi.dingdong.HappyDay;
				PRODUCT_NAME = "$(TARGET_NAME)";
				SWIFT_VERSION = 3.0;
			};
			name = Debug;
		};
		EEFD0A451E6416B400D20114 /* Release */ = {
			isa = XCBuildConfiguration;
			buildSettings = {
				ASSETCATALOG_COMPILER_APPICON_NAME = AppIcon;
				DEVELOPMENT_TEAM = 76JPX46Z4R;
				INFOPLIST_FILE = HappyDay/Info.plist;
				LD_RUNPATH_SEARCH_PATHS = "$(inherited) @executable_path/Frameworks";
				PRODUCT_BUNDLE_IDENTIFIER = com.shennongshi.dingdong.HappyDay;
				PRODUCT_NAME = "$(TARGET_NAME)";
				SWIFT_VERSION = 3.0;
			};
			name = Release;
		};
/* End XCBuildConfiguration section */

/* Begin XCConfigurationList section */
		EEFD0A2C1E6416B400D20114 /* Build configuration list for PBXProject "HappyDay" */ = {
			isa = XCConfigurationList;
			buildConfigurations = (
				EEFD0A411E6416B400D20114 /* Debug */,
				EEFD0A421E6416B400D20114 /* Release */,
			);
			defaultConfigurationIsVisible = 0;
			defaultConfigurationName = Release;
		};
		EEFD0A431E6416B400D20114 /* Build configuration list for PBXNativeTarget "HappyDay" */ = {
			isa = XCConfigurationList;
			buildConfigurations = (
				EEFD0A441E6416B400D20114 /* Debug */,
				EEFD0A451E6416B400D20114 /* Release */,
			);
			defaultConfigurationIsVisible = 0;
			defaultConfigurationName = Release;
		};
/* End XCConfigurationList section */
	};
	rootObject = EEFD0A291E6416B400D20114 /* Project object */;
}
